
Microsoft Visual Studio Solution File, Format Version 12.00
# Visual Studio 15
VisualStudioVersion = 15.0.28010.2026
MinimumVisualStudioVersion = 10.0.40219.1
Project("{FAE04EC0-301F-11D3-BF4B-00C04F79EFBC}") = "ConceitosOO", "ConceitosOO\ConceitosOO.csproj", "{B3A78C71-8CB1-410D-BD52-CB21AAEECEF7}"
EndProject
Global
	GlobalSection(SolutionConfigurationPlatforms) = preSolution
		Debug|Any CPU = Debug|Any CPU
		Release|Any CPU = Release|Any CPU
	EndGlobalSection
	GlobalSection(ProjectConfigurationPlatforms) = postSolution
		{B3A78C71-8CB1-410D-BD52-CB21AAEECEF7}.Debug|Any CPU.ActiveCfg = Debug|Any CPU
		{B3A78C71-8CB1-410D-BD52-CB21AAEECEF7}.Debug|Any CPU.Build.0 = Debug|Any CPU
		{B3A78C71-8CB1-410D-BD52-CB21AAEECEF7}.Release|Any CPU.ActiveCfg = Release|Any CPU
		{B3A78C71-8CB1-410D-BD52-CB21AAEECEF7}.Release|Any CPU.Build.0 = Release|Any CPU
	EndGlobalSection
	GlobalSection(SolutionProperties) = preSolution
		HideSolutionNode = FALSE
	EndGlobalSection
	GlobalSection(ExtensibilityGlobals) = postSolution
		SolutionGuid = {F3E57EE2-7FDF-44BC-AB47-A8CC772490E3}
	EndGlobalSection
EndGlobal
